
Microsoft Visual Studio Solution File, Format Version 12.00
# Visual Studio Version 16
VisualStudioVersion = 16.0.32002.261
MinimumVisualStudioVersion = 10.0.40219.1
Project("{8BC9CEB8-8B4A-11D0-8D11-00A0C91BC942}") = "test1_15", "test1_15.vcxproj", "{464A47AA-0E00-4E1F-BA7B-22F3C2A0E37C}"
EndProject
Global
	GlobalSection(SolutionConfigurationPlatforms) = preSolution
		Debug|x64 = Debug|x64
		Debug|x86 = Debug|x86
		Release|x64 = Release|x64
		Release|x86 = Release|x86
	EndGlobalSection
	GlobalSection(ProjectConfigurationPlatforms) = postSolution
		{464A47AA-0E00-4E1F-BA7B-22F3C2A0E37C}.Debug|x64.ActiveCfg = Debug|x64
		{464A47AA-0E00-4E1F-BA7B-22F3C2A0E37C}.Debug|x64.Build.0 = Debug|x64
		{464A47AA-0E00-4E1F-BA7B-22F3C2A0E37C}.Debug|x86.ActiveCfg = Debug|Win32
		{464A47AA-0E00-4E1F-BA7B-22F3C2A0E37C}.Debug|x86.Build.0 = Debug|Win32
		{464A47AA-0E00-4E1F-BA7B-22F3C2A0E37C}.Release|x64.ActiveCfg = Release|x64
		{464A47AA-0E00-4E1F-BA7B-22F3C2A0E37C}.Release|x64.Build.0 = Release|x64
		{464A47AA-0E00-4E1F-BA7B-22F3C2A0E37C}.Release|x86.ActiveCfg = Release|Win32
		{464A47AA-0E00-4E1F-BA7B-22F3C2A0E37C}.Release|x86.Build.0 = Release|Win32
	EndGlobalSection
	GlobalSection(SolutionProperties) = preSolution
		HideSolutionNode = FALSE
	EndGlobalSection
	GlobalSection(ExtensibilityGlobals) = postSolution
		SolutionGuid = {CBB6CB6C-CFB3-4577-8D80-B00FAE3ED452}
	EndGlobalSection
EndGlobal
